
Microsoft Visual Studio Solution File, Format Version 12.00
# Visual Studio Version 17
VisualStudioVersion = 17.10.35004.147
MinimumVisualStudioVersion = 10.0.40219.1
Project("{FAE04EC0-301F-11D3-BF4B-00C04F79EFBC}") = "ProductInventory", "ProductInventory\ProductInventory.csproj", "{BEFA7CCF-0A65-4192-ACA8-879E6196DA92}"
EndProject
Global
	GlobalSection(SolutionConfigurationPlatforms) = preSolution
		Debug|Any CPU = Debug|Any CPU
		Release|Any CPU = Release|Any CPU
	EndGlobalSection
	GlobalSection(ProjectConfigurationPlatforms) = postSolution
		{BEFA7CCF-0A65-4192-ACA8-879E6196DA92}.Debug|Any CPU.ActiveCfg = Debug|Any CPU
		{BEFA7CCF-0A65-4192-ACA8-879E6196DA92}.Debug|Any CPU.Build.0 = Debug|Any CPU
		{BEFA7CCF-0A65-4192-ACA8-879E6196DA92}.Release|Any CPU.ActiveCfg = Release|Any CPU
		{BEFA7CCF-0A65-4192-ACA8-879E6196DA92}.Release|Any CPU.Build.0 = Release|Any CPU
	EndGlobalSection
	GlobalSection(SolutionProperties) = preSolution
		HideSolutionNode = FALSE
	EndGlobalSection
	GlobalSection(ExtensibilityGlobals) = postSolution
		SolutionGuid = {53FCAA66-1B18-453C-A818-6322A675D7BF}
	EndGlobalSection
EndGlobal
